{
  "name": "hello-playwright",
  "version": "0.1.0",
  "lockfileVersion": 3,
  "requires": true,
  "packages": {
    "": {
      "name": "hello-playwright",
      "version": "0.1.0",
      "license": "MIT",
      "devDependencies": {
        "node": "^18.15.0",
        "typescript": "^4.9.5"
      }
    },
    "node_modules/node": {
      "version": "18.15.0",
      "resolved": "https://registry.npmjs.org/node/-/node-18.15.0.tgz",
      "integrity": "sha512-y6G6jOU7iZ4QjFLCc1srvPBtk+K8Lak0JbNS6ocGSAI30+wvIWaolbhj3f+jqOv58gSIAlDMyTJckQO9lD5wwQ==",
      "dev": true,
      "hasInstallScript": true,
      "dependencies": {
        "node-bin-setup": "^1.0.0"
      },
      "bin": {
        "node": "bin/node"
      },
      "engines": {
        "npm": ">=5.0.0"
      }
    },
    "node_modules/node-bin-setup": {
      "version": "1.1.3",
      "resolved": "https://registry.npmjs.org/node-bin-setup/-/node-bin-setup-1.1.3.tgz",
      "integrity": "sha512-opgw9iSCAzT2+6wJOETCpeRYAQxSopqQ2z+N6BXwIMsQQ7Zj5M8MaafQY8JMlolRR6R1UXg2WmhKp0p9lSOivg==",
      "dev": true
    },
    "node_modules/typescript": {
      "version": "4.9.5",
      "resolved": "https://registry.npmjs.org/typescript/-/typescript-4.9.5.tgz",
      "integrity": "sha512-1FXk9E2Hm+QzZQ7z+McJiHL4NW1F2EzMu9Nq9i3zAaGqibafqYwCVU6WyWAuyQRRzOlxou8xZSyXLEN8oKj24g==",
      "dev": true,
      "bin": {
        "tsc": "bin/tsc",
        "tsserver": "bin/tsserver"
      },
      "engines": {
        "node": ">=4.2.0"
      }
    }
  }
}
